PODS:
  - HCTableAdapter (0.0.1)

DEPENDENCIES:
  - HCTableAdapter (from `https://github.com/jayhe/HCTableAdapter.git`)

EXTERNAL SOURCES:
  HCTableAdapter:
    :git: https://github.com/jayhe/HCTableAdapter.git

CHECKOUT OPTIONS:
  HCTableAdapter:
    :commit: cca1c4b8e5387c0e1308def0bb35188fae72e3d4
    :git: https://github.com/jayhe/HCTableAdapter.git

SPEC CHECKSUMS:
  HCTableAdapter: e490da5d631a34a3d20fdb7d0c79f27a960cc779

PODFILE CHECKSUM: 57037bad61773dd475bc52666ace7c730d7aa2d6

COCOAPODS: 1.5.3
