// !$*UTF8*$!
{
	archiveVersion = 1;
	classes = {
	};
	objectVersion = 50;
	objects = {

/* Begin PBXBuildFile section */
		105C374D239F32560080AAD6 /* AppDelegate.m in Sources */ = {isa = PBXBuildFile; fileRef = 105C374C239F32560080AAD6 /* AppDelegate.m */; };
		105C3750239F32560080AAD6 /* ViewController.m in Sources */ = {isa = PBXBuildFile; fileRef = 105C374F239F32560080AAD6 /* ViewController.m */; };
		105C3753239F32560080AAD6 /* Main.storyboard in Resources */ = {isa = PBXBuildFile; fileRef = 105C3751239F32560080AAD6 /* Main.storyboard */; };
		105C3755239F32580080AAD6 /* Assets.xcassets in Resources */ = {isa = PBXBuildFile; fileRef = 105C3754239F32580080AAD6 /* Assets.xcassets */; };
		105C3758239F32580080AAD6 /* LaunchScreen.storyboard in Resources */ = {isa = PBXBuildFile; fileRef = 105C3756239F32580080AAD6 /* LaunchScreen.storyboard */; };
		105C375B239F32580080AAD6 /* main.m in Sources */ = {isa = PBXBuildFile; fileRef = 105C375A239F32580080AAD6 /* main.m */; };
		105C376F239F758F0080AAD6 /* HCTestSectionVM.m in Sources */ = {isa = PBXBuildFile; fileRef = 105C376E239F758F0080AAD6 /* HCTestSectionVM.m */; };
		105C3772239F75BA0080AAD6 /* HCTestSectionHeaderView.m in Sources */ = {isa = PBXBuildFile; fileRef = 105C3771239F75BA0080AAD6 /* HCTestSectionHeaderView.m */; };
		105C3775239F75CF0080AAD6 /* HCTestSectionFooterView.m in Sources */ = {isa = PBXBuildFile; fileRef = 105C3774239F75CF0080AAD6 /* HCTestSectionFooterView.m */; };
		105C3778239F75FC0080AAD6 /* HCTestOneCell.m in Sources */ = {isa = PBXBuildFile; fileRef = 105C3777239F75FC0080AAD6 /* HCTestOneCell.m */; };
		105C377B239F76110080AAD6 /* HCTestTwoCell.m in Sources */ = {isa = PBXBuildFile; fileRef = 105C377A239F76110080AAD6 /* HCTestTwoCell.m */; };
		105C377E239F7B850080AAD6 /* HCTestOneCellVM.m in Sources */ = {isa = PBXBuildFile; fileRef = 105C377D239F7B850080AAD6 /* HCTestOneCellVM.m */; };
		105C3781239F7CAE0080AAD6 /* HCTestTwoCellVM.m in Sources */ = {isa = PBXBuildFile; fileRef = 105C3780239F7CAE0080AAD6 /* HCTestTwoCellVM.m */; };
		105C379223A0BF160080AAD6 /* HCDemoTableViewEvent.m in Sources */ = {isa = PBXBuildFile; fileRef = 105C379123A0BF160080AAD6 /* HCDemoTableViewEvent.m */; };
		105C379F23A0CF760080AAD6 /* HCDemoTableViewAdapter.m in Sources */ = {isa = PBXBuildFile; fileRef = 105C379E23A0CF760080AAD6 /* HCDemoTableViewAdapter.m */; };
		105C37A223A0D1230080AAD6 /* HCDemoTableViewEventHandler.m in Sources */ = {isa = PBXBuildFile; fileRef = 105C37A123A0D1230080AAD6 /* HCDemoTableViewEventHandler.m */; };
		D33F13D907CC2B4AF6ABC56D /* libPods-HCTableAdapter.a in Frameworks */ = {isa = PBXBuildFile; fileRef = 80C8A7E153D48F2766F99DDD /* libPods-HCTableAdapter.a */; };
/* End PBXBuildFile section */

/* Begin PBXFileReference section */
		105C3748239F32560080AAD6 /* HCTableAdapter.app */ = {isa = PBXFileReference; explicitFileType = wrapper.application; includeInIndex = 0; path = HCTableAdapter.app; sourceTree = BUILT_PRODUCTS_DIR; };
		105C374B239F32560080AAD6 /* AppDelegate.h */ = {isa = PBXFileReference; lastKnownFileType = sourcecode.c.h; path = AppDelegate.h; sourceTree = "<group>"; };
		105C374C239F32560080AAD6 /* AppDelegate.m */ = {isa = PBXFileReference; lastKnownFileType = sourcecode.c.objc; path = AppDelegate.m; sourceTree = "<group>"; };
		105C374E239F32560080AAD6 /* ViewController.h */ = {isa = PBXFileReference; lastKnownFileType = sourcecode.c.h; path = ViewController.h; sourceTree = "<group>"; };
		105C374F239F32560080AAD6 /* ViewController.m */ = {isa = PBXFileReference; lastKnownFileType = sourcecode.c.objc; path = ViewController.m; sourceTree = "<group>"; };
		105C3752239F32560080AAD6 /* Base */ = {isa = PBXFileReference; lastKnownFileType = file.storyboard; name = Base; path = Base.lproj/Main.storyboard; sourceTree = "<group>"; };
		105C3754239F32580080AAD6 /* Assets.xcassets */ = {isa = PBXFileReference; lastKnownFileType = folder.assetcatalog; path = Assets.xcassets; sourceTree = "<group>"; };
		105C3757239F32580080AAD6 /* Base */ = {isa = PBXFileReference; lastKnownFileType = file.storyboard; name = Base; path = Base.lproj/LaunchScreen.storyboard; sourceTree = "<group>"; };
		105C3759239F32580080AAD6 /* Info.plist */ = {isa = PBXFileReference; lastKnownFileType = text.plist.xml; path = Info.plist; sourceTree = "<group>"; };
		105C375A239F32580080AAD6 /* main.m */ = {isa = PBXFileReference; lastKnownFileType = sourcecode.c.objc; path = main.m; sourceTree = "<group>"; };
		105C376D239F758F0080AAD6 /* HCTestSectionVM.h */ = {isa = PBXFileReference; lastKnownFileType = sourcecode.c.h; path = HCTestSectionVM.h; sourceTree = "<group>"; };
		105C376E239F758F0080AAD6 /* HCTestSectionVM.m */ = {isa = PBXFileReference; lastKnownFileType = sourcecode.c.objc; path = HCTestSectionVM.m; sourceTree = "<group>"; };
		105C3770239F75BA0080AAD6 /* HCTestSectionHeaderView.h */ = {isa = PBXFileReference; lastKnownFileType = sourcecode.c.h; path = HCTestSectionHeaderView.h; sourceTree = "<group>"; };
		105C3771239F75BA0080AAD6 /* HCTestSectionHeaderView.m */ = {isa = PBXFileReference; lastKnownFileType = sourcecode.c.objc; path = HCTestSectionHeaderView.m; sourceTree = "<group>"; };
		105C3773239F75CF0080AAD6 /* HCTestSectionFooterView.h */ = {isa = PBXFileReference; lastKnownFileType = sourcecode.c.h; path = HCTestSectionFooterView.h; sourceTree = "<group>"; };
		105C3774239F75CF0080AAD6 /* HCTestSectionFooterView.m */ = {isa = PBXFileReference; lastKnownFileType = sourcecode.c.objc; path = HCTestSectionFooterView.m; sourceTree = "<group>"; };
		105C3776239F75FC0080AAD6 /* HCTestOneCell.h */ = {isa = PBXFileReference; lastKnownFileType = sourcecode.c.h; path = HCTestOneCell.h; sourceTree = "<group>"; };
		105C3777239F75FC0080AAD6 /* HCTestOneCell.m */ = {isa = PBXFileReference; lastKnownFileType = sourcecode.c.objc; path = HCTestOneCell.m; sourceTree = "<group>"; };
		105C3779239F76110080AAD6 /* HCTestTwoCell.h */ = {isa = PBXFileReference; lastKnownFileType = sourcecode.c.h; path = HCTestTwoCell.h; sourceTree = "<group>"; };
		105C377A239F76110080AAD6 /* HCTestTwoCell.m */ = {isa = PBXFileReference; lastKnownFileType = sourcecode.c.objc; path = HCTestTwoCell.m; sourceTree = "<group>"; };
		105C377C239F7B850080AAD6 /* HCTestOneCellVM.h */ = {isa = PBXFileReference; lastKnownFileType = sourcecode.c.h; path = HCTestOneCellVM.h; sourceTree = "<group>"; };
		105C377D239F7B850080AAD6 /* HCTestOneCellVM.m */ = {isa = PBXFileReference; lastKnownFileType = sourcecode.c.objc; path = HCTestOneCellVM.m; sourceTree = "<group>"; };
		105C377F239F7CAE0080AAD6 /* HCTestTwoCellVM.h */ = {isa = PBXFileReference; lastKnownFileType = sourcecode.c.h; path = HCTestTwoCellVM.h; sourceTree = "<group>"; };
		105C3780239F7CAE0080AAD6 /* HCTestTwoCellVM.m */ = {isa = PBXFileReference; lastKnownFileType = sourcecode.c.objc; path = HCTestTwoCellVM.m; sourceTree = "<group>"; };
		105C379023A0BF160080AAD6 /* HCDemoTableViewEvent.h */ = {isa = PBXFileReference; lastKnownFileType = sourcecode.c.h; path = HCDemoTableViewEvent.h; sourceTree = "<group>"; };
		105C379123A0BF160080AAD6 /* HCDemoTableViewEvent.m */ = {isa = PBXFileReference; lastKnownFileType = sourcecode.c.objc; path = HCDemoTableViewEvent.m; sourceTree = "<group>"; };
		105C379D23A0CF760080AAD6 /* HCDemoTableViewAdapter.h */ = {isa = PBXFileReference; lastKnownFileType = sourcecode.c.h; path = HCDemoTableViewAdapter.h; sourceTree = "<group>"; };
		105C379E23A0CF760080AAD6 /* HCDemoTableViewAdapter.m */ = {isa = PBXFileReference; lastKnownFileType = sourcecode.c.objc; path = HCDemoTableViewAdapter.m; sourceTree = "<group>"; };
		105C37A023A0D1230080AAD6 /* HCDemoTableViewEventHandler.h */ = {isa = PBXFileReference; lastKnownFileType = sourcecode.c.h; path = HCDemoTableViewEventHandler.h; sourceTree = "<group>"; };
		105C37A123A0D1230080AAD6 /* HCDemoTableViewEventHandler.m */ = {isa = PBXFileReference; lastKnownFileType = sourcecode.c.objc; path = HCDemoTableViewEventHandler.m; sourceTree = "<group>"; };
		1C135E9E59BF11F594FED11F /* Pods-HCTableAdapter.debug.xcconfig */ = {isa = PBXFileReference; includeInIndex = 1; lastKnownFileType = text.xcconfig; name = "Pods-HCTableAdapter.debug.xcconfig"; path = "Pods/Target Support Files/Pods-HCTableAdapter/Pods-HCTableAdapter.debug.xcconfig"; sourceTree = "<group>"; };
		80C8A7E153D48F2766F99DDD /* libPods-HCTableAdapter.a */ = {isa = PBXFileReference; explicitFileType = archive.ar; includeInIndex = 0; path = "libPods-HCTableAdapter.a"; sourceTree = BUILT_PRODUCTS_DIR; };
		C0D4C88925DC1E38375389AA /* Pods-HCTableAdapter.release.xcconfig */ = {isa = PBXFileReference; includeInIndex = 1; lastKnownFileType = text.xcconfig; name = "Pods-HCTableAdapter.release.xcconfig"; path = "Pods/Target Support Files/Pods-HCTableAdapter/Pods-HCTableAdapter.release.xcconfig"; sourceTree = "<group>"; };
/* End PBXFileReference section */

/* Begin PBXFrameworksBuildPhase section */
		105C3745239F32560080AAD6 /* Frameworks */ = {
			isa = PBXFrameworksBuildPhase;
			buildActionMask = 2147483647;
			files = (
				D33F13D907CC2B4AF6ABC56D /* libPods-HCTableAdapter.a in Frameworks */,
			);
			runOnlyForDeploymentPostprocessing = 0;
		};
/* End PBXFrameworksBuildPhase section */

/* Begin PBXGroup section */
		105C373F239F32560080AAD6 = {
			isa = PBXGroup;
			children = (
				105C374A239F32560080AAD6 /* HCTableAdapter */,
				105C3749239F32560080AAD6 /* Products */,
				23121300F1BBCE84B641D8AB /* Pods */,
				FC64D75C692C3F25CE059DCA /* Frameworks */,
			);
			sourceTree = "<group>";
		};
		105C3749239F32560080AAD6 /* Products */ = {
			isa = PBXGroup;
			children = (
				105C3748239F32560080AAD6 /* HCTableAdapter.app */,
			);
			name = Products;
			sourceTree = "<group>";
		};
		105C374A239F32560080AAD6 /* HCTableAdapter */ = {
			isa = PBXGroup;
			children = (
				105C374B239F32560080AAD6 /* AppDelegate.h */,
				105C374C239F32560080AAD6 /* AppDelegate.m */,
				105C374E239F32560080AAD6 /* ViewController.h */,
				105C374F239F32560080AAD6 /* ViewController.m */,
				105C376A239F754B0080AAD6 /* Demo */,
				105C3751239F32560080AAD6 /* Main.storyboard */,
				105C3754239F32580080AAD6 /* Assets.xcassets */,
				105C3756239F32580080AAD6 /* LaunchScreen.storyboard */,
				105C3759239F32580080AAD6 /* Info.plist */,
				105C375A239F32580080AAD6 /* main.m */,
			);
			path = HCTableAdapter;
			sourceTree = "<group>";
		};
		105C376A239F754B0080AAD6 /* Demo */ = {
			isa = PBXGroup;
			children = (
				105C379D23A0CF760080AAD6 /* HCDemoTableViewAdapter.h */,
				105C379E23A0CF760080AAD6 /* HCDemoTableViewAdapter.m */,
				105C37A023A0D1230080AAD6 /* HCDemoTableViewEventHandler.h */,
				105C37A123A0D1230080AAD6 /* HCDemoTableViewEventHandler.m */,
				105C376B239F754B0080AAD6 /* Model */,
				105C376C239F754B0080AAD6 /* View */,
			);
			path = Demo;
			sourceTree = "<group>";
		};
		105C376B239F754B0080AAD6 /* Model */ = {
			isa = PBXGroup;
			children = (
				105C379023A0BF160080AAD6 /* HCDemoTableViewEvent.h */,
				105C379123A0BF160080AAD6 /* HCDemoTableViewEvent.m */,
				105C376D239F758F0080AAD6 /* HCTestSectionVM.h */,
				105C376E239F758F0080AAD6 /* HCTestSectionVM.m */,
				105C377C239F7B850080AAD6 /* HCTestOneCellVM.h */,
				105C377D239F7B850080AAD6 /* HCTestOneCellVM.m */,
				105C377F239F7CAE0080AAD6 /* HCTestTwoCellVM.h */,
				105C3780239F7CAE0080AAD6 /* HCTestTwoCellVM.m */,
			);
			path = Model;
			sourceTree = "<group>";
		};
		105C376C239F754B0080AAD6 /* View */ = {
			isa = PBXGroup;
			children = (
				105C3770239F75BA0080AAD6 /* HCTestSectionHeaderView.h */,
				105C3771239F75BA0080AAD6 /* HCTestSectionHeaderView.m */,
				105C3773239F75CF0080AAD6 /* HCTestSectionFooterView.h */,
				105C3774239F75CF0080AAD6 /* HCTestSectionFooterView.m */,
				105C3776239F75FC0080AAD6 /* HCTestOneCell.h */,
				105C3777239F75FC0080AAD6 /* HCTestOneCell.m */,
				105C3779239F76110080AAD6 /* HCTestTwoCell.h */,
				105C377A239F76110080AAD6 /* HCTestTwoCell.m */,
			);
			path = View;
			sourceTree = "<group>";
		};
		23121300F1BBCE84B641D8AB /* Pods */ = {
			isa = PBXGroup;
			children = (
				1C135E9E59BF11F594FED11F /* Pods-HCTableAdapter.debug.xcconfig */,
				C0D4C88925DC1E38375389AA /* Pods-HCTableAdapter.release.xcconfig */,
			);
			name = Pods;
			sourceTree = "<group>";
		};
		FC64D75C692C3F25CE059DCA /* Frameworks */ = {
			isa = PBXGroup;
			children = (
				80C8A7E153D48F2766F99DDD /* libPods-HCTableAdapter.a */,
			);
			name = Frameworks;
			sourceTree = "<group>";
		};
/* End PBXGroup section */

/* Begin PBXNativeTarget section */
		105C3747239F32560080AAD6 /* HCTableAdapter */ = {
			isa = PBXNativeTarget;
			buildConfigurationList = 105C375E239F32580080AAD6 /* Build configuration list for PBXNativeTarget "HCTableAdapter" */;
			buildPhases = (
				284727155FAF365E9827C6EB /* [CP] Check Pods Manifest.lock */,
				105C3744239F32560080AAD6 /* Sources */,
				105C3745239F32560080AAD6 /* Frameworks */,
				105C3746239F32560080AAD6 /* Resources */,
			);
			buildRules = (
			);
			dependencies = (
			);
			name = HCTableAdapter;
			productName = HCTableAdapter;
			productReference = 105C3748239F32560080AAD6 /* HCTableAdapter.app */;
			productType = "com.apple.product-type.application";
		};
/* End PBXNativeTarget section */

/* Begin PBXProject section */
		105C3740239F32560080AAD6 /* Project object */ = {
			isa = PBXProject;
			attributes = {
				LastUpgradeCheck = 1010;
				ORGANIZATIONNAME = "贺超";
				TargetAttributes = {
					105C3747239F32560080AAD6 = {
						CreatedOnToolsVersion = 10.1;
					};
				};
			};
			buildConfigurationList = 105C3743239F32560080AAD6 /* Build configuration list for PBXProject "HCTableAdapter" */;
			compatibilityVersion = "Xcode 9.3";
			developmentRegion = en;
			hasScannedForEncodings = 0;
			knownRegions = (
				en,
				Base,
			);
			mainGroup = 105C373F239F32560080AAD6;
			productRefGroup = 105C3749239F32560080AAD6 /* Products */;
			projectDirPath = "";
			projectRoot = "";
			targets = (
				105C3747239F32560080AAD6 /* HCTableAdapter */,
			);
		};
/* End PBXProject section */

/* Begin PBXResourcesBuildPhase section */
		105C3746239F32560080AAD6 /* Resources */ = {
			isa = PBXResourcesBuildPhase;
			buildActionMask = 2147483647;
			files = (
				105C3758239F32580080AAD6 /* LaunchScreen.storyboard in Resources */,
				105C3755239F32580080AAD6 /* Assets.xcassets in Resources */,
				105C3753239F32560080AAD6 /* Main.storyboard in Resources */,
			);
			runOnlyForDeploymentPostprocessing = 0;
		};
/* End PBXResourcesBuildPhase section */

/* Begin PBXShellScriptBuildPhase section */
		284727155FAF365E9827C6EB /* [CP] Check Pods Manifest.lock */ = {
			isa = PBXShellScriptBuildPhase;
			buildActionMask = 2147483647;
			files = (
			);
			inputFileListPaths = (
			);
			inputPaths = (
				"${PODS_PODFILE_DIR_PATH}/Podfile.lock",
				"${PODS_ROOT}/Manifest.lock",
			);
			name = "[CP] Check Pods Manifest.lock";
			outputFileListPaths = (
			);
			outputPaths = (
				"$(DERIVED_FILE_DIR)/Pods-HCTableAdapter-checkManifestLockResult.txt",
			);
			runOnlyForDeploymentPostprocessing = 0;
			shellPath = /bin/sh;
			shellScript = "diff \"${PODS_PODFILE_DIR_PATH}/Podfile.lock\" \"${PODS_ROOT}/Manifest.lock\" > /dev/null\nif [ $? != 0 ] ; then\n    # print error to STDERR\n    echo \"error: The sandbox is not in sync with the Podfile.lock. Run 'pod install' or update your CocoaPods installation.\" >&2\n    exit 1\nfi\n# This output is used by Xcode 'outputs' to avoid re-running this script phase.\necho \"SUCCESS\" > \"${SCRIPT_OUTPUT_FILE_0}\"\n";
			showEnvVarsInLog = 0;
		};
/* End PBXShellScriptBuildPhase section */

/* Begin PBXSourcesBuildPhase section */
		105C3744239F32560080AAD6 /* Sources */ = {
			isa = PBXSourcesBuildPhase;
			buildActionMask = 2147483647;
			files = (
				105C3781239F7CAE0080AAD6 /* HCTestTwoCellVM.m in Sources */,
				105C3772239F75BA0080AAD6 /* HCTestSectionHeaderView.m in Sources */,
				105C3750239F32560080AAD6 /* ViewController.m in Sources */,
				105C379F23A0CF760080AAD6 /* HCDemoTableViewAdapter.m in Sources */,
				105C3778239F75FC0080AAD6 /* HCTestOneCell.m in Sources */,
				105C379223A0BF160080AAD6 /* HCDemoTableViewEvent.m in Sources */,
				105C375B239F32580080AAD6 /* main.m in Sources */,
				105C37A223A0D1230080AAD6 /* HCDemoTableViewEventHandler.m in Sources */,
				105C377B239F76110080AAD6 /* HCTestTwoCell.m in Sources */,
				105C374D239F32560080AAD6 /* AppDelegate.m in Sources */,
				105C3775239F75CF0080AAD6 /* HCTestSectionFooterView.m in Sources */,
				105C376F239F758F0080AAD6 /* HCTestSectionVM.m in Sources */,
				105C377E239F7B850080AAD6 /* HCTestOneCellVM.m in Sources */,
			);
			runOnlyForDeploymentPostprocessing = 0;
		};
/* End PBXSourcesBuildPhase section */

/* Begin PBXVariantGroup section */
		105C3751239F32560080AAD6 /* Main.storyboard */ = {
			isa = PBXVariantGroup;
			children = (
				105C3752239F32560080AAD6 /* Base */,
			);
			name = Main.storyboard;
			sourceTree = "<group>";
		};
		105C3756239F32580080AAD6 /* LaunchScreen.storyboard */ = {
			isa = PBXVariantGroup;
			children = (
				105C3757239F32580080AAD6 /* Base */,
			);
			name = LaunchScreen.storyboard;
			sourceTree = "<group>";
		};
/* End PBXVariantGroup section */

/* Begin XCBuildConfiguration section */
		105C375C239F32580080AAD6 /* Debug */ = {
			isa = XCBuildConfiguration;
			buildSettings = {
				ALWAYS_SEARCH_USER_PATHS = NO;
				CLANG_ANALYZER_NONNULL = YES;
				CLANG_ANALYZER_NUMBER_OBJECT_CONVERSION = YES_AGGRESSIVE;
				CLANG_CXX_LANGUAGE_STANDARD = "gnu++14";
				CLANG_CXX_LIBRARY = "libc++";
				CLANG_ENABLE_MODULES = YES;
				CLANG_ENABLE_OBJC_ARC = YES;
				CLANG_ENABLE_OBJC_WEAK = YES;
				CLANG_WARN_BLOCK_CAPTURE_AUTORELEASING = YES;
				CLANG_WARN_BOOL_CONVERSION = YES;
				CLANG_WARN_COMMA = YES;
				CLANG_WARN_CONSTANT_CONVERSION = YES;
				CLANG_WARN_DEPRECATED_OBJC_IMPLEMENTATIONS = YES;
				CLANG_WARN_DIRECT_OBJC_ISA_USAGE = YES_ERROR;
				CLANG_WARN_DOCUMENTATION_COMMENTS = YES;
				CLANG_WARN_EMPTY_BODY = YES;
				CLANG_WARN_ENUM_CONVERSION = YES;
				CLANG_WARN_INFINITE_RECURSION = YES;
				CLANG_WARN_INT_CONVERSION = YES;
				CLANG_WARN_NON_LITERAL_NULL_CONVERSION = YES;
				CLANG_WARN_OBJC_IMPLICIT_RETAIN_SELF = YES;
				CLANG_WARN_OBJC_LITERAL_CONVERSION = YES;
				CLANG_WARN_OBJC_ROOT_CLASS = YES_ERROR;
				CLANG_WARN_RANGE_LOOP_ANALYSIS = YES;
				CLANG_WARN_STRICT_PROTOTYPES = YES;
				CLANG_WARN_SUSPICIOUS_MOVE = YES;
				CLANG_WARN_UNGUARDED_AVAILABILITY = YES_AGGRESSIVE;
				CLANG_WARN_UNREACHABLE_CODE = YES;
				CLANG_WARN__DUPLICATE_METHOD_MATCH = YES;
				CODE_SIGN_IDENTITY = "iPhone Developer";
				COPY_PHASE_STRIP = NO;
				DEBUG_INFORMATION_FORMAT = dwarf;
				ENABLE_STRICT_OBJC_MSGSEND = YES;
				ENABLE_TESTABILITY = YES;
				GCC_C_LANGUAGE_STANDARD = gnu11;
				GCC_DYNAMIC_NO_PIC = NO;
				GCC_NO_COMMON_BLOCKS = YES;
				GCC_OPTIMIZATION_LEVEL = 0;
				GCC_PREPROCESSOR_DEFINITIONS = (
					"DEBUG=1",
					"$(inherited)",
				);
				GCC_WARN_64_TO_32_BIT_CONVERSION = YES;
				GCC_WARN_ABOUT_RETURN_TYPE = YES_ERROR;
				GCC_WARN_UNDECLARED_SELECTOR = YES;
				GCC_WARN_UNINITIALIZED_AUTOS = YES_AGGRESSIVE;
				GCC_WARN_UNUSED_FUNCTION = YES;
				GCC_WARN_UNUSED_VARIABLE = YES;
				IPHONEOS_DEPLOYMENT_TARGET = 10.0;
				MTL_ENABLE_DEBUG_INFO = INCLUDE_SOURCE;
				MTL_FAST_MATH = YES;
				ONLY_ACTIVE_ARCH = YES;
				SDKROOT = iphoneos;
			};
			name = Debug;
		};
		105C375D239F32580080AAD6 /* Release */ = {
			isa = XCBuildConfiguration;
			buildSettings = {
				ALWAYS_SEARCH_USER_PATHS = NO;
				CLANG_ANALYZER_NONNULL = YES;
				CLANG_ANALYZER_NUMBER_OBJECT_CONVERSION = YES_AGGRESSIVE;
				CLANG_CXX_LANGUAGE_STANDARD = "gnu++14";
				CLANG_CXX_LIBRARY = "libc++";
				CLANG_ENABLE_MODULES = YES;
				CLANG_ENABLE_OBJC_ARC = YES;
				CLANG_ENABLE_OBJC_WEAK = YES;
				CLANG_WARN_BLOCK_CAPTURE_AUTORELEASING = YES;
				CLANG_WARN_BOOL_CONVERSION = YES;
				CLANG_WARN_COMMA = YES;
				CLANG_WARN_CONSTANT_CONVERSION = YES;
				CLANG_WARN_DEPRECATED_OBJC_IMPLEMENTATIONS = YES;
				CLANG_WARN_DIRECT_OBJC_ISA_USAGE = YES_ERROR;
				CLANG_WARN_DOCUMENTATION_COMMENTS = YES;
				CLANG_WARN_EMPTY_BODY = YES;
				CLANG_WARN_ENUM_CONVERSION = YES;
				CLANG_WARN_INFINITE_RECURSION = YES;
				CLANG_WARN_INT_CONVERSION = YES;
				CLANG_WARN_NON_LITERAL_NULL_CONVERSION = YES;
				CLANG_WARN_OBJC_IMPLICIT_RETAIN_SELF = YES;
				CLANG_WARN_OBJC_LITERAL_CONVERSION = YES;
				CLANG_WARN_OBJC_ROOT_CLASS = YES_ERROR;
				CLANG_WARN_RANGE_LOOP_ANALYSIS = YES;
				CLANG_WARN_STRICT_PROTOTYPES = YES;
				CLANG_WARN_SUSPICIOUS_MOVE = YES;
				CLANG_WARN_UNGUARDED_AVAILABILITY = YES_AGGRESSIVE;
				CLANG_WARN_UNREACHABLE_CODE = YES;
				CLANG_WARN__DUPLICATE_METHOD_MATCH = YES;
				CODE_SIGN_IDENTITY = "iPhone Developer";
				COPY_PHASE_STRIP = NO;
				DEBUG_INFORMATION_FORMAT = "dwarf-with-dsym";
				ENABLE_NS_ASSERTIONS = NO;
				ENABLE_STRICT_OBJC_MSGSEND = YES;
				GCC_C_LANGUAGE_STANDARD = gnu11;
				GCC_NO_COMMON_BLOCKS = YES;
				GCC_WARN_64_TO_32_BIT_CONVERSION = YES;
				GCC_WARN_ABOUT_RETURN_TYPE = YES_ERROR;
				GCC_WARN_UNDECLARED_SELECTOR = YES;
				GCC_WARN_UNINITIALIZED_AUTOS = YES_AGGRESSIVE;
				GCC_WARN_UNUSED_FUNCTION = YES;
				GCC_WARN_UNUSED_VARIABLE = YES;
				IPHONEOS_DEPLOYMENT_TARGET = 10.0;
				MTL_ENABLE_DEBUG_INFO = NO;
				MTL_FAST_MATH = YES;
				SDKROOT = iphoneos;
				VALIDATE_PRODUCT = YES;
			};
			name = Release;
		};
		105C375F239F32580080AAD6 /* Debug */ = {
			isa = XCBuildConfiguration;
			baseConfigurationReference = 1C135E9E59BF11F594FED11F /* Pods-HCTableAdapter.debug.xcconfig */;
			buildSettings = {
				ASSETCATALOG_COMPILER_APPICON_NAME = AppIcon;
				CODE_SIGN_STYLE = Automatic;
				DEVELOPMENT_TEAM = L2ZY2L7GYS;
				INFOPLIST_FILE = HCTableAdapter/Info.plist;
				LD_RUNPATH_SEARCH_PATHS = (
					"$(inherited)",
					"@executable_path/Frameworks",
				);
				PRODUCT_BUNDLE_IDENTIFIER = com.hc.HCTableAdapter;
				PRODUCT_NAME = "$(TARGET_NAME)";
				TARGETED_DEVICE_FAMILY = "1,2";
			};
			name = Debug;
		};
		105C3760239F32580080AAD6 /* Release */ = {
			isa = XCBuildConfiguration;
			baseConfigurationReference = C0D4C88925DC1E38375389AA /* Pods-HCTableAdapter.release.xcconfig */;
			buildSettings = {
				ASSETCATALOG_COMPILER_APPICON_NAME = AppIcon;
				CODE_SIGN_STYLE = Automatic;
				DEVELOPMENT_TEAM = L2ZY2L7GYS;
				INFOPLIST_FILE = HCTableAdapter/Info.plist;
				LD_RUNPATH_SEARCH_PATHS = (
					"$(inherited)",
					"@executable_path/Frameworks",
				);
				PRODUCT_BUNDLE_IDENTIFIER = com.hc.HCTableAdapter;
				PRODUCT_NAME = "$(TARGET_NAME)";
				TARGETED_DEVICE_FAMILY = "1,2";
			};
			name = Release;
		};
/* End XCBuildConfiguration section */

/* Begin XCConfigurationList section */
		105C3743239F32560080AAD6 /* Build configuration list for PBXProject "HCTableAdapter" */ = {
			isa = XCConfigurationList;
			buildConfigurations = (
				105C375C239F32580080AAD6 /* Debug */,
				105C375D239F32580080AAD6 /* Release */,
			);
			defaultConfigurationIsVisible = 0;
			defaultConfigurationName = Release;
		};
		105C375E239F32580080AAD6 /* Build configuration list for PBXNativeTarget "HCTableAdapter" */ = {
			isa = XCConfigurationList;
			buildConfigurations = (
				105C375F239F32580080AAD6 /* Debug */,
				105C3760239F32580080AAD6 /* Release */,
			);
			defaultConfigurationIsVisible = 0;
			defaultConfigurationName = Release;
		};
/* End XCConfigurationList section */
	};
	rootObject = 105C3740239F32560080AAD6 /* Project object */;
}
